
Microsoft Visual Studio Solution File, Format Version 12.00
# Visual Studio 15
VisualStudioVersion = 15.0.26124.0
MinimumVisualStudioVersion = 15.0.26124.0
Project("{FAE04EC0-301F-11D3-BF4B-00C04F79EFBC}") = "HBFoo", "HBFoo\HBFoo.csproj", "{4A4DB384-5CE9-4C7C-B794-F3F8FFBCD9DB}"
EndProject
Project("{FAE04EC0-301F-11D3-BF4B-00C04F79EFBC}") = "HBFoo.Tests", "HBFoo.Tests\HBFoo.Tests.csproj", "{291B42EE-9377-4E48-99F5-BDBD1A0E5801}"
EndProject
Global
	GlobalSection(SolutionConfigurationPlatforms) = preSolution
		Debug|Any CPU = Debug|Any CPU
		Debug|x64 = Debug|x64
		Debug|x86 = Debug|x86
		Release|Any CPU = Release|Any CPU
		Release|x64 = Release|x64
		Release|x86 = Release|x86
	EndGlobalSection
	GlobalSection(SolutionProperties) = preSolution
		HideSolutionNode = FALSE
	EndGlobalSection
	GlobalSection(ProjectConfigurationPlatforms) = postSolution
		{4A4DB384-5CE9-4C7C-B794-F3F8FFBCD9DB}.Debug|Any CPU.ActiveCfg = Debug|Any CPU
		{4A4DB384-5CE9-4C7C-B794-F3F8FFBCD9DB}.Debug|Any CPU.Build.0 = Debug|Any CPU
		{4A4DB384-5CE9-4C7C-B794-F3F8FFBCD9DB}.Debug|x64.ActiveCfg = Debug|Any CPU
		{4A4DB384-5CE9-4C7C-B794-F3F8FFBCD9DB}.Debug|x64.Build.0 = Debug|Any CPU
		{4A4DB384-5CE9-4C7C-B794-F3F8FFBCD9DB}.Debug|x86.ActiveCfg = Debug|Any CPU
		{4A4DB384-5CE9-4C7C-B794-F3F8FFBCD9DB}.Debug|x86.Build.0 = Debug|Any CPU
		{4A4DB384-5CE9-4C7C-B794-F3F8FFBCD9DB}.Release|Any CPU.ActiveCfg = Release|Any CPU
		{4A4DB384-5CE9-4C7C-B794-F3F8FFBCD9DB}.Release|Any CPU.Build.0 = Release|Any CPU
		{4A4DB384-5CE9-4C7C-B794-F3F8FFBCD9DB}.Release|x64.ActiveCfg = Release|Any CPU
		{4A4DB384-5CE9-4C7C-B794-F3F8FFBCD9DB}.Release|x64.Build.0 = Release|Any CPU
		{4A4DB384-5CE9-4C7C-B794-F3F8FFBCD9DB}.Release|x86.ActiveCfg = Release|Any CPU
		{4A4DB384-5CE9-4C7C-B794-F3F8FFBCD9DB}.Release|x86.Build.0 = Release|Any CPU
		{291B42EE-9377-4E48-99F5-BDBD1A0E5801}.Debug|Any CPU.ActiveCfg = Debug|Any CPU
		{291B42EE-9377-4E48-99F5-BDBD1A0E5801}.Debug|Any CPU.Build.0 = Debug|Any CPU
		{291B42EE-9377-4E48-99F5-BDBD1A0E5801}.Debug|x64.ActiveCfg = Debug|Any CPU
		{291B42EE-9377-4E48-99F5-BDBD1A0E5801}.Debug|x64.Build.0 = Debug|Any CPU
		{291B42EE-9377-4E48-99F5-BDBD1A0E5801}.Debug|x86.ActiveCfg = Debug|Any CPU
		{291B42EE-9377-4E48-99F5-BDBD1A0E5801}.Debug|x86.Build.0 = Debug|Any CPU
		{291B42EE-9377-4E48-99F5-BDBD1A0E5801}.Release|Any CPU.ActiveCfg = Release|Any CPU
		{291B42EE-9377-4E48-99F5-BDBD1A0E5801}.Release|Any CPU.Build.0 = Release|Any CPU
		{291B42EE-9377-4E48-99F5-BDBD1A0E5801}.Release|x64.ActiveCfg = Release|Any CPU
		{291B42EE-9377-4E48-99F5-BDBD1A0E5801}.Release|x64.Build.0 = Release|Any CPU
		{291B42EE-9377-4E48-99F5-BDBD1A0E5801}.Release|x86.ActiveCfg = Release|Any CPU
		{291B42EE-9377-4E48-99F5-BDBD1A0E5801}.Release|x86.Build.0 = Release|Any CPU
	EndGlobalSection
EndGlobal
